dependencies:
- name: helm-product
  repository: oci://ghcr.io/onecx/charts
  version: 0.4.0
- name: onecx-human-task-svc
  repository: oci://ghcr.io/onecx-apps/charts
  version: 0.0.0-rc.60
- name: onecx-human-task-bff
  repository: oci://ghcr.io/onecx-apps/charts
  version: 0.0.0-rc.33
- name: onecx-human-task-ui
  repository: oci://ghcr.io/onecx-apps/charts
  version: 0.0.0-rc.6
- name: onecx-human-task-n8n-adapter
  repository: oci://ghcr.io/onecx-apps/charts
  version: 0.0.0-rc.8
digest: sha256:2538bfb66cef01be00b7b126a8eb34639485e4effc8505a2233ce605307e0f63
generated: "2026-10-08T10:08:45.207401767Z"
