dependencies:
- name: helm-product
  repository: oci://ghcr.io/onecx/charts
  version: 0.4.0
- name: onecx-human-task-svc
  repository: oci://ghcr.io/onecx-apps/charts
  version: 0.0.0-rc.56
- name: onecx-human-task-bff
  repository: oci://ghcr.io/onecx-apps/charts
  version: 0.0.0-rc.33
- name: onecx-human-task-ui
  repository: oci://ghcr.io/onecx-apps/charts
  version: 0.0.0-rc.6
- name: onecx-human-task-n8n-adapter
  repository: oci://ghcr.io/onecx-apps/charts
  version: 0.0.0-rc.8
digest: sha256:ba4c7d399183b40d3b22380b2e5d1d02561e37ec25f22c4fdfcb718bfd71c76c
generated: "2026-10-08T08:34:45.87696454Z"
